// !$*UTF8*$!
{
	archiveVersion = 1;
	classes = {};
	objectVersion = 56;
	objects = {
		002ED3035321842ABAAE05C2 = { isa = PBXBuildFile; fileRef = B3072891FC2B15BF23BE34C5; };
		00F209874A1F7309F6DCEAA7 = { isa = XCBuildConfiguration; buildSettings = { SDKROOT = "iphoneos"; IPHONEOS_DEPLOYMENT_TARGET = "27.0"; SWIFT_VERSION = "5.0"; CLANG_ENABLE_MODULES = "YES"; CLANG_ENABLE_OBJC_ARC = "YES"; ENABLE_USER_SCRIPT_SANDBOXING = "YES"; GCC_WARN_64_TO_32_BIT_CONVERSION = "YES"; CLANG_WARN_BOOL_CONVERSION = "YES"; CLANG_WARN_CONSTANT_CONVERSION = "YES"; CLANG_WARN_DOCUMENTATION_COMMENTS = "YES"; CLANG_WARN_EMPTY_BODY = "YES"; CLANG_WARN_UNREACHABLE_CODE = "YES"; SWIFT_STRICT_CONCURRENCY = "targeted"; SUPPORTED_PLATFORMS = "iphoneos iphonesimulator"; TARGETED_DEVICE_FAMILY = "1"; SWIFT_OPTIMIZATION_LEVEL = "-O"; SWIFT_COMPILATION_MODE = "wholemodule"; DEBUG_INFORMATION_FORMAT = "dwarf-with-dsym"; }; name = Release; };
		04B042A5E7A3FDC0670ED689 = { isa = XCBuildConfiguration; buildSettings = { PRODUCT_NAME = "$(TARGET_NAME)"; PRODUCT_BUNDLE_IDENTIFIER = "com.karel.projectascend.tests"; GENERATE_INFOPLIST_FILE = "YES"; CODE_SIGN_STYLE = "Automatic"; DEVELOPMENT_TEAM = ""; TEST_HOST = "$(BUILT_PRODUCTS_DIR)/ASCEND.app/ASCEND"; BUNDLE_LOADER = "$(TEST_HOST)"; LD_RUNPATH_SEARCH_PATHS = "$(inherited) @executable_path/Frameworks @loader_path/Frameworks"; }; name = Release; };
		05DD5461B6B4434CC4550339 = { isa = PBXFileReference; lastKnownFileType = sourcecode.swift; name = "WorkoutEngine.swift"; path = "ASCEND/Core/Domain/WorkoutEngine.swift"; sourceTree = SOURCE_ROOT; };
		0679E3AF7A48F00C75AB63A1 = { isa = PBXFileReference; lastKnownFileType = sourcecode.swift; name = "AscendScreenshotTests.swift"; path = "Tests/UI/AscendScreenshotTests.swift"; sourceTree = SOURCE_ROOT; };
		06E9E0EB84837B0A752D3D9D = { isa = PBXFileReference; lastKnownFileType = sourcecode.swift; name = "RootView.swift"; path = "ASCEND/App/RootView.swift"; sourceTree = SOURCE_ROOT; };
		07794CDB4B42E70262D19B63 = { isa = PBXBuildFile; fileRef = A7BEF5529E0FF17A4C0B70DD; };
		07EA8A136C6682454A42D5E6 = { isa = PBXBuildFile; fileRef = B7727D26B63AF31327E992B6; };
		08BE735157A4737DE9591B53 = { isa = PBXGroup; children = (A799DD4117C3D4D2E9F2FD5C, BC2F1ED5AE942C5C5DCE9840,); name = "Profile"; sourceTree = "<group>"; };
		0A924FF8F7E11FC778995190 = { isa = PBXBuildFile; fileRef = 7C3A23EBACBB25DD2B1B2708; };
		0B70C3DC983C056A35C717FE = { isa = PBXBuildFile; fileRef = 1AC63CBC16237CFB0218BDEF; };
		0C5EF8DDA52383CC83AEBA16 = { isa = PBXBuildFile; fileRef = E3BBA14384AD85101CAD5FBE; };
		0CECBD68E1C216D3A7CFA8C5 = { isa = PBXFileReference; lastKnownFileType = sourcecode.swift; name = "ProgressRing.swift"; path = "ASCEND/Components/ProgressRing.swift"; sourceTree = SOURCE_ROOT; };
		0CF357D30855610EDBF4BFD8 = { isa = PBXBuildFile; fileRef = 720B4C71041D42B59DBBD14B; };
		0FA1AB9FA296E5612A390FE2 = { isa = PBXFileReference; lastKnownFileType = sourcecode.swift; name = "AppStore.swift"; path = "ASCEND/App/AppStore.swift"; sourceTree = SOURCE_ROOT; };
		112513406BD2BC6B37D4020C = { isa = PBXBuildFile; fileRef = D424891BCE73963986F6CE39; };
		15385F09E020901A55C3B43C = { isa = PBXFileReference; lastKnownFileType = sourcecode.swift; name = "RecoveryEngineTests.swift"; path = "Tests/Core/RecoveryEngineTests.swift"; sourceTree = SOURCE_ROOT; };
		154BF7F6D072E5B0E7FDD3C4 = { isa = PBXFileReference; lastKnownFileType = sourcecode.swift; name = "AppStore+Editing.swift"; path = "ASCEND/App/AppStore+Editing.swift"; sourceTree = SOURCE_ROOT; };
		156052F04525D0F710673CF0 = { isa = PBXGroup; children = (C54CC2D4D06A96DE3B77029C, 284CEAE32E0635BA7105DFCE, 73321F1B03019DC59ED43B46,); name = "Tests"; sourceTree = "<group>"; };
		19170B56EA5642A46C383F29 = { isa = XCConfigurationList; buildConfigurations = (DF53765BF9D03B65CB04A4C8, 04B042A5E7A3FDC0670ED689,); defaultConfigurationIsVisible = 0; defaultConfigurationName = Release; };
		191FE728EDC4FFA06C553EC7 = { isa = PBXBuildFile; fileRef = 05DD5461B6B4434CC4550339; };
		19F0976CA299F93A2DFF5F71 = { isa = PBXResourcesBuildPhase; buildActionMask = 2147483647; files = (); runOnlyForDeploymentPostprocessing = 0; };
		1AC63CBC16237CFB0218BDEF = { isa = PBXFileReference; lastKnownFileType = sourcecode.swift; name = "DashboardNutritionView.swift"; path = "ASCEND/Features/Dashboard/DashboardNutritionView.swift"; sourceTree = SOURCE_ROOT; };
		1E5370E03A60A8382B20046A = { isa = PBXFileReference; lastKnownFileType = sourcecode.swift; name = "ProgressEngineTests.swift"; path = "Tests/Core/ProgressEngineTests.swift"; sourceTree = SOURCE_ROOT; };
		1FC52CB61D1729ED663BE192 = { isa = PBXBuildFile; fileRef = F3044D60CBCE9D49C5BB15C5; };
		2336285774BA3CA533F71E8A = { isa = PBXGroup; children = (B3072891FC2B15BF23BE34C5,); name = "DesignSystem"; sourceTree = "<group>"; };
		284CEAE32E0635BA7105DFCE = { isa = PBXGroup; children = (D912E77732373C2DCDC5DB56, 1E5370E03A60A8382B20046A, 47A460E3C3D8576B354F28A4, 15385F09E020901A55C3B43C, 7C3A23EBACBB25DD2B1B2708,); name = "Core"; sourceTree = "<group>"; };
		2D6979E51EA4E0AF5C184925 = { isa = PBXFileReference; lastKnownFileType = sourcecode.swift; name = "ProfileModels.swift"; path = "ASCEND/Core/Persistence/ProfileModels.swift"; sourceTree = SOURCE_ROOT; };
		35D61553E4D0002C0431835A = { isa = PBXBuildFile; fileRef = 5B6A994C285DFF352BE81E2E; };
		3685E330EC5277A9DD5661C6 = { isa = PBXFileReference; lastKnownFileType = folder.assetcatalog; path = ASCEND/Resources/Assets.xcassets; sourceTree = SOURCE_ROOT; };
		3948C7BB4DD1C518D7823B21 = { isa = PBXBuildFile; fileRef = BC2F1ED5AE942C5C5DCE9840; };
		39F831DAFE5A2F37503C83B2 = { isa = PBXFrameworksBuildPhase; buildActionMask = 2147483647; files = (); runOnlyForDeploymentPostprocessing = 0; };
		3AB36C5A259E6297ABD26694 = { isa = XCConfigurationList; buildConfigurations = (BAC435B037607B50C4729BF1, 5DE0B96147C56CE7EB664EA3,); defaultConfigurationIsVisible = 0; defaultConfigurationName = Release; };
		4149B5694F727B43E5A8C9EE = { isa = PBXFileReference; lastKnownFileType = sourcecode.swift; name = "FitnessTypes.swift"; path = "ASCEND/Core/Domain/FitnessTypes.swift"; sourceTree = SOURCE_ROOT; };
		43CBB101410F6978193BEA7D = { isa = PBXBuildFile; fileRef = A799DD4117C3D4D2E9F2FD5C; };
		47348E11D4ACB472B54673A0 = { isa = PBXGroup; children = (720B4C71041D42B59DBBD14B, 6EE5295B8B309ED36C5341BA,); name = "Workout"; sourceTree = "<group>"; };
		47A460E3C3D8576B354F28A4 = { isa = PBXFileReference; lastKnownFileType = sourcecode.swift; name = "RankEngineTests.swift"; path = "Tests/Core/RankEngineTests.swift"; sourceTree = SOURCE_ROOT; };
		4867F1BF372A84237FA0A5A7 = { isa = XCConfigurationList; buildConfigurations = (F8975E934DA2067E0E497395, F72D4F08E84CA4C7F809A7CF,); defaultConfigurationIsVisible = 0; defaultConfigurationName = Release; };
		49348C4AA08AA0CBDEB6CC9F = { isa = PBXGroup; children = (1AC63CBC16237CFB0218BDEF, D428895D0D151660838B8CED, DDE1BED5CA96D2D4854289E8,); name = "Dashboard"; sourceTree = "<group>"; };
		4E4442B18E2E3D9ACC5F2267 = { isa = PBXFileReference; lastKnownFileType = sourcecode.swift; name = "ELOEngine.swift"; path = "ASCEND/Core/Domain/ELOEngine.swift"; sourceTree = SOURCE_ROOT; };
		4E783A9E10D2A8ABA38CD11C = { isa = PBXFileReference; explicitFileType = wrapper.application; includeInIndex = 0; path = ASCEND.app; sourceTree = BUILT_PRODUCTS_DIR; };
		4EE32AFFD62AE870777ED243 = { isa = PBXFileReference; lastKnownFileType = sourcecode.swift; name = "PreviewData.swift"; path = "ASCEND/Resources/PreviewData.swift"; sourceTree = SOURCE_ROOT; };
		5259871296CB9BC61C1A0602 = { isa = PBXFileReference; lastKnownFileType = sourcecode.swift; name = "AscendUITestSupport.swift"; path = "Tests/UI/AscendUITestSupport.swift"; sourceTree = SOURCE_ROOT; };
		5A46A199AF92BD6891B382DC = { isa = PBXGroup; children = (80FBE4439B573DD8422722B1, 666E64F30BC04AFFDBAF726C, CA052C97BB4EFCFC158A4EA9, AFDFA7FF915E0A555C26894D, D9E7DB7E8348983E30AC2B87,); name = "ASCEND"; sourceTree = "<group>"; };
		5B6A994C285DFF352BE81E2E = { isa = PBXFileReference; lastKnownFileType = sourcecode.swift; name = "EditorSupport.swift"; path = "ASCEND/Components/EditorSupport.swift"; sourceTree = SOURCE_ROOT; };
		5D1C66F49F54C74F0A4A6952 = { isa = PBXFileReference; lastKnownFileType = sourcecode.swift; name = "ObjectiveEngine.swift"; path = "ASCEND/Core/Domain/ObjectiveEngine.swift"; sourceTree = SOURCE_ROOT; };
		5DE0B96147C56CE7EB664EA3 = { isa = XCBuildConfiguration; buildSettings = { PRODUCT_NAME = "$(TARGET_NAME)"; PRODUCT_BUNDLE_IDENTIFIER = "com.karel.projectascend.uitests"; GENERATE_INFOPLIST_FILE = "YES"; CODE_SIGN_STYLE = "Automatic"; DEVELOPMENT_TEAM = ""; TEST_TARGET_NAME = "ASCEND"; LD_RUNPATH_SEARCH_PATHS = "$(inherited) @executable_path/Frameworks @loader_path/Frameworks"; }; name = Release; };
		60E8F81E9B561497C79BEE51 = { isa = PBXBuildFile; fileRef = CC3B0DB49ABC9177228BB231; };
		62F38C0D699021D5D5434775 = { isa = PBXBuildFile; fileRef = 7922F22D8A18B7A021D7072E; };
		63DC27FE102543D379504A81 = { isa = PBXFileReference; lastKnownFileType = sourcecode.swift; name = "RankEngine.swift"; path = "ASCEND/Core/Domain/RankEngine.swift"; sourceTree = SOURCE_ROOT; };
		63E2C3F88C5C9266A7CAF05A = { isa = PBXBuildFile; fileRef = 8B90864E375CE4CF32C6C719; };
		640DC9EFD529235A8D9E2727 = { isa = XCConfigurationList; buildConfigurations = (ED8772ADEC3A6C25161BC957, 00F209874A1F7309F6DCEAA7,); defaultConfigurationIsVisible = 0; defaultConfigurationName = Release; };
		6420EDDBDB556A0810AF16F6 = { isa = PBXBuildFile; fileRef = D912E77732373C2DCDC5DB56; };
		666E64F30BC04AFFDBAF726C = { isa = PBXGroup; children = (5B6A994C285DFF352BE81E2E, B7727D26B63AF31327E992B6, 9831B72A71909A59A97E41BB, 0CECBD68E1C216D3A7CFA8C5, 7922F22D8A18B7A021D7072E,); name = "Components"; sourceTree = "<group>"; };
		6C7CCDEB3609F1FAA874E941 = { isa = PBXFileReference; explicitFileType = wrapper.cfbundle; includeInIndex = 0; path = ASCENDTests.xctest; sourceTree = BUILT_PRODUCTS_DIR; };
		6EE5295B8B309ED36C5341BA = { isa = PBXFileReference; lastKnownFileType = sourcecode.swift; name = "WorkoutView.swift"; path = "ASCEND/Features/Workout/WorkoutView.swift"; sourceTree = SOURCE_ROOT; };
		713EAEC8E22D7BB5FD4C7E9E = { isa = PBXFileReference; lastKnownFileType = sourcecode.swift; name = "PersistenceTests.swift"; path = "Tests/App/PersistenceTests.swift"; sourceTree = SOURCE_ROOT; };
		720B4C71041D42B59DBBD14B = { isa = PBXFileReference; lastKnownFileType = sourcecode.swift; name = "WorkoutEditor.swift"; path = "ASCEND/Features/Workout/WorkoutEditor.swift"; sourceTree = SOURCE_ROOT; };
		73321F1B03019DC59ED43B46 = { isa = PBXGroup; children = (0679E3AF7A48F00C75AB63A1, FA7728AE14FC0C650352C7F4, 5259871296CB9BC61C1A0602,); name = "UI"; sourceTree = "<group>"; };
		77A03FEE20FE96AD9384861E = { isa = PBXSourcesBuildPhase; buildActionMask = 2147483647; files = (EE7CA9B25F36B1741AFC88B7, 6420EDDBDB556A0810AF16F6, 8F52A6DD07F6455D54F1833B, A0D703FBC12B27836BE0B80F, 8E5E493E25C5ED28EB1D87FF, 0A924FF8F7E11FC778995190,); runOnlyForDeploymentPostprocessing = 0; };
		7922F22D8A18B7A021D7072E = { isa = PBXFileReference; lastKnownFileType = sourcecode.swift; name = "RankBadgeView.swift"; path = "ASCEND/Components/RankBadgeView.swift"; sourceTree = SOURCE_ROOT; };
		794AAC98ACE6EB716B86C3A5 = { isa = PBXNativeTarget; buildConfigurationList = 3AB36C5A259E6297ABD26694; buildPhases = (F9ACDEB529017EFC18F5E60A, 39F831DAFE5A2F37503C83B2, 19F0976CA299F93A2DFF5F71,); buildRules = (); dependencies = (DE58E2B17C19600779694943,); name = ASCENDUITests; productName = ASCENDUITests; productReference = 9B7BED31F6F48AD5D908B2BC; productType = "com.apple.product-type.bundle.ui-testing"; };
		7B96EE4562D8ACA41221CC41 = { isa = PBXFileReference; lastKnownFileType = sourcecode.swift; name = "RecoveryEngine.swift"; path = "ASCEND/Core/Domain/RecoveryEngine.swift"; sourceTree = SOURCE_ROOT; };
		7C3310605D7F32D4E14F715A = { isa = PBXBuildFile; fileRef = 9831B72A71909A59A97E41BB; };
		7C3A23EBACBB25DD2B1B2708 = { isa = PBXFileReference; lastKnownFileType = sourcecode.swift; name = "WorkoutAndBrainTests.swift"; path = "Tests/Core/WorkoutAndBrainTests.swift"; sourceTree = SOURCE_ROOT; };
		7D4C8BF60034BDEF932C227F = { isa = PBXBuildFile; fileRef = FBF477377184E4D613356387; };
		7E7789AB33E94D8BF75ACCEA = { isa = PBXBuildFile; fileRef = 63DC27FE102543D379504A81; };
		7ED5B3A887967AF7479D9D65 = { isa = PBXFileReference; lastKnownFileType = sourcecode.swift; name = "PersistenceController.swift"; path = "ASCEND/Core/Persistence/PersistenceController.swift"; sourceTree = SOURCE_ROOT; };
		80FBE4439B573DD8422722B1 = { isa = PBXGroup; children = (154BF7F6D072E5B0E7FDD3C4, DCFD8E9D30A5710F477D11BE, 0FA1AB9FA296E5612A390FE2, A7BEF5529E0FF17A4C0B70DD, 06E9E0EB84837B0A752D3D9D,); name = "App"; sourceTree = "<group>"; };
		83ECC1145B1C6C3748C99507 = { isa = PBXBuildFile; fileRef = 4149B5694F727B43E5A8C9EE; };
		869CC16463ED2140B15B8653 = { isa = PBXBuildFile; fileRef = C638E847F3F50668C27AE53E; };
		893B76868BE725C647856DFD = { isa = PBXBuildFile; fileRef = 5D1C66F49F54C74F0A4A6952; };
		8B90864E375CE4CF32C6C719 = { isa = PBXFileReference; lastKnownFileType = sourcecode.swift; name = "ObjectiveManager.swift"; path = "ASCEND/Features/Objectives/ObjectiveManager.swift"; sourceTree = SOURCE_ROOT; };
		8C02AF27C4847BE409A3C90A = { isa = PBXBuildFile; fileRef = D428895D0D151660838B8CED; };
		8C210E0667B36E58B3451E00 = { isa = PBXBuildFile; fileRef = 6EE5295B8B309ED36C5341BA; };
		8E5E493E25C5ED28EB1D87FF = { isa = PBXBuildFile; fileRef = 15385F09E020901A55C3B43C; };
		8ECC8B5D05B79F879ACDF1A2 = { isa = PBXResourcesBuildPhase; buildActionMask = 2147483647; files = (C1FFFB61196F8C993C0041FD,); runOnlyForDeploymentPostprocessing = 0; };
		8F52A6DD07F6455D54F1833B = { isa = PBXBuildFile; fileRef = 1E5370E03A60A8382B20046A; };
		91C173BFDFEBE86A5833E9D5 = { isa = PBXGroup; children = (BD23AEB15A8E6E26042C5C6A,); name = "Progress"; sourceTree = "<group>"; };
		949D493B91791558E87BC5D7 = { isa = PBXSourcesBuildPhase; buildActionMask = 2147483647; files = (F7EEF6AB9C78E2C52E856BF8, B7E28A505684B9B9FFD22D0C, F85805CE9BA4C711D54E62D7, 07794CDB4B42E70262D19B63, B693616B323C8F87CDD5B266, 35D61553E4D0002C0431835A, 07EA8A136C6682454A42D5E6, 7C3310605D7F32D4E14F715A, B272E43E5A86B2C9C68CB917, 62F38C0D699021D5D5434775, 002ED3035321842ABAAE05C2, FC16145645E91E563E12813D, 869CC16463ED2140B15B8653, 83ECC1145B1C6C3748C99507, 1FC52CB61D1729ED663BE192, 893B76868BE725C647856DFD, C1C75C32CD1840C981ABC7FC, 112513406BD2BC6B37D4020C, 7E7789AB33E94D8BF75ACCEA, A15F0F946DAF1D37A2D8A8A8, 191FE728EDC4FFA06C553EC7, 60E8F81E9B561497C79BEE51, 9C3CE273DD1F90ECCE0CC988, A4741A52013705C24C46534F, 7D4C8BF60034BDEF932C227F, AF7799F634E0DD27227EAA67, 0B70C3DC983C056A35C717FE, 8C02AF27C4847BE409A3C90A, BD586F459DB7EE2548C9BEDB, 0C5EF8DDA52383CC83AEBA16, 63E2C3F88C5C9266A7CAF05A, 43CBB101410F6978193BEA7D, 3948C7BB4DD1C518D7823B21, F62C92C8A48392D997F05A64, E320D93657411B7F004D97F1, 0CF357D30855610EDBF4BFD8, 8C210E0667B36E58B3451E00, B0DB40CDF16253287BBD825B, B6A674B7B185BE9BBFA0CC85,); runOnlyForDeploymentPostprocessing = 0; };
		9831B72A71909A59A97E41BB = { isa = PBXFileReference; lastKnownFileType = sourcecode.swift; name = "PremiumCard.swift"; path = "ASCEND/Components/PremiumCard.swift"; sourceTree = SOURCE_ROOT; };
		98F54143AB4E86B28C3AFEE0 = { isa = PBXProject; attributes = { BuildIndependentTargetsInParallel = YES; LastUpgradeCheck = 2700;
    TargetAttributes = { F75109BEB4DD8800DA6B45F8 = { CreatedOnToolsVersion = 27.0; }; C062A5A4A7F4F37DD90F54CB = { CreatedOnToolsVersion = 27.0; TestTargetID = F75109BEB4DD8800DA6B45F8; }; 794AAC98ACE6EB716B86C3A5 = { CreatedOnToolsVersion = 27.0; TestTargetID = F75109BEB4DD8800DA6B45F8; }; }; };
    buildConfigurationList = 640DC9EFD529235A8D9E2727; compatibilityVersion = "Xcode 14.0"; developmentRegion = en; hasScannedForEncodings = 0;
    knownRegions = (en, Base,); mainGroup = B28B7AF69320201D1CF206EB; productRefGroup = FBDC4F23F93125BBEEAE800C; projectDirPath = ""; projectRoot = "";
    targets = (F75109BEB4DD8800DA6B45F8, C062A5A4A7F4F37DD90F54CB, 794AAC98ACE6EB716B86C3A5,); };
		9B7BED31F6F48AD5D908B2BC = { isa = PBXFileReference; explicitFileType = wrapper.cfbundle; includeInIndex = 0; path = ASCENDUITests.xctest; sourceTree = BUILT_PRODUCTS_DIR; };
		9C3CE273DD1F90ECCE0CC988 = { isa = PBXBuildFile; fileRef = 7ED5B3A887967AF7479D9D65; };
		9CE41C4AF10AD5E6EB822D5F = { isa = PBXGroup; children = (C2FF57A11681B1C22E1010AB,); name = "Recovery"; sourceTree = "<group>"; };
		9E26F8FA81FE5A26E901DC36 = { isa = PBXBuildFile; fileRef = 0679E3AF7A48F00C75AB63A1; };
		A094C75BF8273A6E3B40E308 = { isa = PBXFileReference; lastKnownFileType = sourcecode.swift; name = "ExerciseCatalog.swift"; path = "ASCEND/Resources/ExerciseCatalog.swift"; sourceTree = SOURCE_ROOT; };
		A0D703FBC12B27836BE0B80F = { isa = PBXBuildFile; fileRef = 47A460E3C3D8576B354F28A4; };
		A15F0F946DAF1D37A2D8A8A8 = { isa = PBXBuildFile; fileRef = 7B96EE4562D8ACA41221CC41; };
		A4741A52013705C24C46534F = { isa = PBXBuildFile; fileRef = 2D6979E51EA4E0AF5C184925; };
		A799DD4117C3D4D2E9F2FD5C = { isa = PBXFileReference; lastKnownFileType = sourcecode.swift; name = "ProfileEditor.swift"; path = "ASCEND/Features/Profile/ProfileEditor.swift"; sourceTree = SOURCE_ROOT; };
		A7BEF5529E0FF17A4C0B70DD = { isa = PBXFileReference; lastKnownFileType = sourcecode.swift; name = "AscendApp.swift"; path = "ASCEND/App/AscendApp.swift"; sourceTree = SOURCE_ROOT; };
		A828DC5BF7C4FA9D9BA496FA = { isa = PBXFileReference; lastKnownFileType = sourcecode.swift; name = "WorkoutModels.swift"; path = "ASCEND/Core/Persistence/WorkoutModels.swift"; sourceTree = SOURCE_ROOT; };
		AF7799F634E0DD27227EAA67 = { isa = PBXBuildFile; fileRef = A828DC5BF7C4FA9D9BA496FA; };
		AFDFA7FF915E0A555C26894D = { isa = PBXGroup; children = (49348C4AA08AA0CBDEB6CC9F, CF08FA96A557D1DE4228140E, B8EDE69F977457AFA3BE6108, 08BE735157A4737DE9591B53, 91C173BFDFEBE86A5833E9D5, 9CE41C4AF10AD5E6EB822D5F, 47348E11D4ACB472B54673A0,); name = "Features"; sourceTree = "<group>"; };
		B0DB40CDF16253287BBD825B = { isa = PBXBuildFile; fileRef = A094C75BF8273A6E3B40E308; };
		B272E43E5A86B2C9C68CB917 = { isa = PBXBuildFile; fileRef = 0CECBD68E1C216D3A7CFA8C5; };
		B28B7AF69320201D1CF206EB = { isa = PBXGroup; children = (5A46A199AF92BD6891B382DC, 156052F04525D0F710673CF0, FBDC4F23F93125BBEEAE800C,); sourceTree = "<group>"; };
		B3072891FC2B15BF23BE34C5 = { isa = PBXFileReference; lastKnownFileType = sourcecode.swift; name = "DesignTokens.swift"; path = "ASCEND/Core/DesignSystem/DesignTokens.swift"; sourceTree = SOURCE_ROOT; };
		B3B8867129652F32F82361A6 = { isa = PBXFileReference; lastKnownFileType = sourcecode.swift; name = "PersonalModel.swift"; path = "ASCEND/Core/Domain/PersonalModel.swift"; sourceTree = SOURCE_ROOT; };
		B693616B323C8F87CDD5B266 = { isa = PBXBuildFile; fileRef = 06E9E0EB84837B0A752D3D9D; };
		B6A674B7B185BE9BBFA0CC85 = { isa = PBXBuildFile; fileRef = 4EE32AFFD62AE870777ED243; };
		B6D47CCFDAD08DD4A029E6B9 = { isa = PBXBuildFile; fileRef = 5259871296CB9BC61C1A0602; };
		B7727D26B63AF31327E992B6 = { isa = PBXFileReference; lastKnownFileType = sourcecode.swift; name = "ObjectiveRow.swift"; path = "ASCEND/Components/ObjectiveRow.swift"; sourceTree = SOURCE_ROOT; };
		B7E28A505684B9B9FFD22D0C = { isa = PBXBuildFile; fileRef = DCFD8E9D30A5710F477D11BE; };
		B8EDE69F977457AFA3BE6108 = { isa = PBXGroup; children = (8B90864E375CE4CF32C6C719,); name = "Objectives"; sourceTree = "<group>"; };
		BAC435B037607B50C4729BF1 = { isa = XCBuildConfiguration; buildSettings = { PRODUCT_NAME = "$(TARGET_NAME)"; PRODUCT_BUNDLE_IDENTIFIER = "com.karel.projectascend.uitests"; GENERATE_INFOPLIST_FILE = "YES"; CODE_SIGN_STYLE = "Automatic"; DEVELOPMENT_TEAM = ""; TEST_TARGET_NAME = "ASCEND"; LD_RUNPATH_SEARCH_PATHS = "$(inherited) @executable_path/Frameworks @loader_path/Frameworks"; }; name = Debug; };
		BC2F1ED5AE942C5C5DCE9840 = { isa = PBXFileReference; lastKnownFileType = sourcecode.swift; name = "ProfileView.swift"; path = "ASCEND/Features/Profile/ProfileView.swift"; sourceTree = SOURCE_ROOT; };
		BD23AEB15A8E6E26042C5C6A = { isa = PBXFileReference; lastKnownFileType = sourcecode.swift; name = "ProgressScreen.swift"; path = "ASCEND/Features/Progress/ProgressScreen.swift"; sourceTree = SOURCE_ROOT; };
		BD586F459DB7EE2548C9BEDB = { isa = PBXBuildFile; fileRef = DDE1BED5CA96D2D4854289E8; };
		BD92572B49AC16A86614498D = { isa = PBXFrameworksBuildPhase; buildActionMask = 2147483647; files = (); runOnlyForDeploymentPostprocessing = 0; };
		C062A5A4A7F4F37DD90F54CB = { isa = PBXNativeTarget; buildConfigurationList = 19170B56EA5642A46C383F29; buildPhases = (77A03FEE20FE96AD9384861E, E05DB79C430AA1B0BA487AFC, D5C76E148680C094C001AC35,); buildRules = (); dependencies = (DE58E2B17C19600779694943,); name = ASCENDTests; productName = ASCENDTests; productReference = 6C7CCDEB3609F1FAA874E941; productType = "com.apple.product-type.bundle.unit-test"; };
		C1C75C32CD1840C981ABC7FC = { isa = PBXBuildFile; fileRef = B3B8867129652F32F82361A6; };
		C1FFFB61196F8C993C0041FD = { isa = PBXBuildFile; fileRef = 3685E330EC5277A9DD5661C6; };
		C29C44923CA92F250D681F19 = { isa = PBXBuildFile; fileRef = FA7728AE14FC0C650352C7F4; };
		C2FF57A11681B1C22E1010AB = { isa = PBXFileReference; lastKnownFileType = sourcecode.swift; name = "RecoveryView.swift"; path = "ASCEND/Features/Recovery/RecoveryView.swift"; sourceTree = SOURCE_ROOT; };
		C54CC2D4D06A96DE3B77029C = { isa = PBXGroup; children = (713EAEC8E22D7BB5FD4C7E9E,); name = "App"; sourceTree = "<group>"; };
		C638E847F3F50668C27AE53E = { isa = PBXFileReference; lastKnownFileType = sourcecode.swift; name = "FitnessBrain.swift"; path = "ASCEND/Core/Domain/FitnessBrain.swift"; sourceTree = SOURCE_ROOT; };
		CA052C97BB4EFCFC158A4EA9 = { isa = PBXGroup; children = (2336285774BA3CA533F71E8A, DDA4E69D52E78DEB1041B4EA, D470F80959DE6B2F061893E6, F8A8CC1F3059B7FBBDA04425,); name = "Core"; sourceTree = "<group>"; };
		CC3B0DB49ABC9177228BB231 = { isa = PBXFileReference; lastKnownFileType = sourcecode.swift; name = "FoundationModelsBrainProvider.swift"; path = "ASCEND/Core/Intelligence/FoundationModelsBrainProvider.swift"; sourceTree = SOURCE_ROOT; };
		CF08FA96A557D1DE4228140E = { isa = PBXGroup; children = (E3BBA14384AD85101CAD5FBE,); name = "Logging"; sourceTree = "<group>"; };
		D424891BCE73963986F6CE39 = { isa = PBXFileReference; lastKnownFileType = sourcecode.swift; name = "ProgressEngine.swift"; path = "ASCEND/Core/Domain/ProgressEngine.swift"; sourceTree = SOURCE_ROOT; };
		D428895D0D151660838B8CED = { isa = PBXFileReference; lastKnownFileType = sourcecode.swift; name = "DashboardView.swift"; path = "ASCEND/Features/Dashboard/DashboardView.swift"; sourceTree = SOURCE_ROOT; };
		D470F80959DE6B2F061893E6 = { isa = PBXGroup; children = (CC3B0DB49ABC9177228BB231,); name = "Intelligence"; sourceTree = "<group>"; };
		D5C76E148680C094C001AC35 = { isa = PBXResourcesBuildPhase; buildActionMask = 2147483647; files = (); runOnlyForDeploymentPostprocessing = 0; };
		D799BAE6088A90139B415FCC = { isa = PBXContainerItemProxy; containerPortal = 98F54143AB4E86B28C3AFEE0; proxyType = 1; remoteGlobalIDString = F75109BEB4DD8800DA6B45F8; remoteInfo = ASCEND; };
		D912E77732373C2DCDC5DB56 = { isa = PBXFileReference; lastKnownFileType = sourcecode.swift; name = "ELOAndObjectiveTests.swift"; path = "Tests/Core/ELOAndObjectiveTests.swift"; sourceTree = SOURCE_ROOT; };
		D9E7DB7E8348983E30AC2B87 = { isa = PBXGroup; children = (3685E330EC5277A9DD5661C6, A094C75BF8273A6E3B40E308, 4EE32AFFD62AE870777ED243,); name = "Resources"; sourceTree = "<group>"; };
		DCFD8E9D30A5710F477D11BE = { isa = PBXFileReference; lastKnownFileType = sourcecode.swift; name = "AppStore+Evaluation.swift"; path = "ASCEND/App/AppStore+Evaluation.swift"; sourceTree = SOURCE_ROOT; };
		DDA4E69D52E78DEB1041B4EA = { isa = PBXGroup; children = (4E4442B18E2E3D9ACC5F2267, C638E847F3F50668C27AE53E, 4149B5694F727B43E5A8C9EE, F3044D60CBCE9D49C5BB15C5, 5D1C66F49F54C74F0A4A6952, B3B8867129652F32F82361A6, D424891BCE73963986F6CE39, 63DC27FE102543D379504A81, 7B96EE4562D8ACA41221CC41, 05DD5461B6B4434CC4550339,); name = "Domain"; sourceTree = "<group>"; };
		DDE1BED5CA96D2D4854289E8 = { isa = PBXFileReference; lastKnownFileType = sourcecode.swift; name = "RankHeroView.swift"; path = "ASCEND/Features/Dashboard/RankHeroView.swift"; sourceTree = SOURCE_ROOT; };
		DE58E2B17C19600779694943 = { isa = PBXTargetDependency; target = F75109BEB4DD8800DA6B45F8; targetProxy = D799BAE6088A90139B415FCC; };
		DF53765BF9D03B65CB04A4C8 = { isa = XCBuildConfiguration; buildSettings = { PRODUCT_NAME = "$(TARGET_NAME)"; PRODUCT_BUNDLE_IDENTIFIER = "com.karel.projectascend.tests"; GENERATE_INFOPLIST_FILE = "YES"; CODE_SIGN_STYLE = "Automatic"; DEVELOPMENT_TEAM = ""; TEST_HOST = "$(BUILT_PRODUCTS_DIR)/ASCEND.app/ASCEND"; BUNDLE_LOADER = "$(TEST_HOST)"; LD_RUNPATH_SEARCH_PATHS = "$(inherited) @executable_path/Frameworks @loader_path/Frameworks"; }; name = Debug; };
		E05DB79C430AA1B0BA487AFC = { isa = PBXFrameworksBuildPhase; buildActionMask = 2147483647; files = (); runOnlyForDeploymentPostprocessing = 0; };
		E320D93657411B7F004D97F1 = { isa = PBXBuildFile; fileRef = C2FF57A11681B1C22E1010AB; };
		E3BBA14384AD85101CAD5FBE = { isa = PBXFileReference; lastKnownFileType = sourcecode.swift; name = "MetricEditors.swift"; path = "ASCEND/Features/Logging/MetricEditors.swift"; sourceTree = SOURCE_ROOT; };
		ED8772ADEC3A6C25161BC957 = { isa = XCBuildConfiguration; buildSettings = { SDKROOT = "iphoneos"; IPHONEOS_DEPLOYMENT_TARGET = "27.0"; SWIFT_VERSION = "5.0"; CLANG_ENABLE_MODULES = "YES"; CLANG_ENABLE_OBJC_ARC = "YES"; ENABLE_USER_SCRIPT_SANDBOXING = "YES"; GCC_WARN_64_TO_32_BIT_CONVERSION = "YES"; CLANG_WARN_BOOL_CONVERSION = "YES"; CLANG_WARN_CONSTANT_CONVERSION = "YES"; CLANG_WARN_DOCUMENTATION_COMMENTS = "YES"; CLANG_WARN_EMPTY_BODY = "YES"; CLANG_WARN_UNREACHABLE_CODE = "YES"; SWIFT_STRICT_CONCURRENCY = "targeted"; SUPPORTED_PLATFORMS = "iphoneos iphonesimulator"; TARGETED_DEVICE_FAMILY = "1"; SWIFT_OPTIMIZATION_LEVEL = "-Onone"; SWIFT_ACTIVE_COMPILATION_CONDITIONS = "DEBUG $(inherited)"; ENABLE_TESTABILITY = "YES"; DEBUG_INFORMATION_FORMAT = "dwarf"; }; name = Debug; };
		EE7CA9B25F36B1741AFC88B7 = { isa = PBXBuildFile; fileRef = 713EAEC8E22D7BB5FD4C7E9E; };
		F3044D60CBCE9D49C5BB15C5 = { isa = PBXFileReference; lastKnownFileType = sourcecode.swift; name = "Muscle.swift"; path = "ASCEND/Core/Domain/Muscle.swift"; sourceTree = SOURCE_ROOT; };
		F62C92C8A48392D997F05A64 = { isa = PBXBuildFile; fileRef = BD23AEB15A8E6E26042C5C6A; };
		F72D4F08E84CA4C7F809A7CF = { isa = XCBuildConfiguration; buildSettings = { PRODUCT_NAME = "$(TARGET_NAME)"; PRODUCT_BUNDLE_IDENTIFIER = "com.karel.projectascend"; INFOPLIST_FILE = "ASCEND/Resources/Info.plist"; CODE_SIGN_STYLE = "Automatic"; DEVELOPMENT_TEAM = ""; MARKETING_VERSION = "0.1.0"; CURRENT_PROJECT_VERSION = "1"; ASSETCATALOG_COMPILER_APPICON_NAME = "AppIcon"; ASSETCATALOG_COMPILER_GLOBAL_ACCENT_COLOR_NAME = "AccentColor"; LD_RUNPATH_SEARCH_PATHS = "$(inherited) @executable_path/Frameworks"; }; name = Release; };
		F75109BEB4DD8800DA6B45F8 = { isa = PBXNativeTarget; buildConfigurationList = 4867F1BF372A84237FA0A5A7; buildPhases = (949D493B91791558E87BC5D7, BD92572B49AC16A86614498D, 8ECC8B5D05B79F879ACDF1A2,); buildRules = (); dependencies = (); name = ASCEND; productName = ASCEND; productReference = 4E783A9E10D2A8ABA38CD11C; productType = "com.apple.product-type.application"; };
		F7EEF6AB9C78E2C52E856BF8 = { isa = PBXBuildFile; fileRef = 154BF7F6D072E5B0E7FDD3C4; };
		F85805CE9BA4C711D54E62D7 = { isa = PBXBuildFile; fileRef = 0FA1AB9FA296E5612A390FE2; };
		F8975E934DA2067E0E497395 = { isa = XCBuildConfiguration; buildSettings = { PRODUCT_NAME = "$(TARGET_NAME)"; PRODUCT_BUNDLE_IDENTIFIER = "com.karel.projectascend"; INFOPLIST_FILE = "ASCEND/Resources/Info.plist"; CODE_SIGN_STYLE = "Automatic"; DEVELOPMENT_TEAM = ""; MARKETING_VERSION = "0.1.0"; CURRENT_PROJECT_VERSION = "1"; ASSETCATALOG_COMPILER_APPICON_NAME = "AppIcon"; ASSETCATALOG_COMPILER_GLOBAL_ACCENT_COLOR_NAME = "AccentColor"; LD_RUNPATH_SEARCH_PATHS = "$(inherited) @executable_path/Frameworks"; }; name = Debug; };
		F8A8CC1F3059B7FBBDA04425 = { isa = PBXGroup; children = (7ED5B3A887967AF7479D9D65, 2D6979E51EA4E0AF5C184925, FBF477377184E4D613356387, A828DC5BF7C4FA9D9BA496FA,); name = "Persistence"; sourceTree = "<group>"; };
		F9ACDEB529017EFC18F5E60A = { isa = PBXSourcesBuildPhase; buildActionMask = 2147483647; files = (9E26F8FA81FE5A26E901DC36, C29C44923CA92F250D681F19, B6D47CCFDAD08DD4A029E6B9,); runOnlyForDeploymentPostprocessing = 0; };
		FA7728AE14FC0C650352C7F4 = { isa = PBXFileReference; lastKnownFileType = sourcecode.swift; name = "AscendSmokeTests.swift"; path = "Tests/UI/AscendSmokeTests.swift"; sourceTree = SOURCE_ROOT; };
		FBDC4F23F93125BBEEAE800C = { isa = PBXGroup; children = (4E783A9E10D2A8ABA38CD11C, 6C7CCDEB3609F1FAA874E941, 9B7BED31F6F48AD5D908B2BC,); name = Products; sourceTree = "<group>"; };
		FBF477377184E4D613356387 = { isa = PBXFileReference; lastKnownFileType = sourcecode.swift; name = "ProgressionModels.swift"; path = "ASCEND/Core/Persistence/ProgressionModels.swift"; sourceTree = SOURCE_ROOT; };
		FC16145645E91E563E12813D = { isa = PBXBuildFile; fileRef = 4E4442B18E2E3D9ACC5F2267; };
	};
	rootObject = 98F54143AB4E86B28C3AFEE0;
}
